
Microsoft Visual Studio Solution File, Format Version 12.00
# Visual Studio Version 16
VisualStudioVersion = 16.0.31025.194
MinimumVisualStudioVersion = 10.0.40219.1
Project("{FAE04EC0-301F-11D3-BF4B-00C04F79EFBC}") = "AI102.Samples.TextAnalytics", "AI102.Samples.TextAnalytics\AI102.Samples.TextAnalytics.csproj", "{FBD2284C-2071-4BF3-8993-30A26266136A}"
EndProject
Global
	GlobalSection(SolutionConfigurationPlatforms) = preSolution
		Debug|Any CPU = Debug|Any CPU
		Release|Any CPU = Release|Any CPU
	EndGlobalSection
	GlobalSection(ProjectConfigurationPlatforms) = postSolution
		{FBD2284C-2071-4BF3-8993-30A26266136A}.Debug|Any CPU.ActiveCfg = Debug|Any CPU
		{FBD2284C-2071-4BF3-8993-30A26266136A}.Debug|Any CPU.Build.0 = Debug|Any CPU
		{FBD2284C-2071-4BF3-8993-30A26266136A}.Release|Any CPU.ActiveCfg = Release|Any CPU
		{FBD2284C-2071-4BF3-8993-30A26266136A}.Release|Any CPU.Build.0 = Release|Any CPU
	EndGlobalSection
	GlobalSection(SolutionProperties) = preSolution
		HideSolutionNode = FALSE
	EndGlobalSection
	GlobalSection(ExtensibilityGlobals) = postSolution
		SolutionGuid = {83039DD5-5F97-4D6C-9D5D-CA881795E4C0}
	EndGlobalSection
EndGlobal
